{
  "name": "sci-birch",
  "version": "0.0.1-alpha.1",
  "lockfileVersion": 1,
  "requires": true,
  "dependencies": {
    "@borkdude/sci": {
      "version": "0.0.11-alpha.2",
      "resolved": "https://registry.npmjs.org/@borkdude/sci/-/sci-0.0.11-alpha.2.tgz",
      "integrity": "sha512-xQy0XcMdTtOgFsg5frBakMoiVrWcc/v8a5+D1wilrZzXHSFfj1iDB+M6wlY3vBVqyieMeVSLn2ztIEdVSy6o2A=="
    }
  }
}
